
Microsoft Visual Studio Solution File, Format Version 12.00
# Visual Studio Version 17
VisualStudioVersion = 17.6.33723.286
MinimumVisualStudioVersion = 10.0.40219.1
Project("{9A19103F-16F7-4668-BE54-9A1E7A4F7556}") = "ISEECENTERAPI", "ISEECENTERAPI\ISEECENTERAPI.csproj", "{6E3982C7-1560-4EC2-A185-53EA102D4CB6}"
EndProject
Project("{9A19103F-16F7-4668-BE54-9A1E7A4F7556}") = "ISEECENTERAPI.BussinessLogic", "ISEECENTERAPI.BussinessLogic\ISEECENTERAPI.BussinessLogic.csproj", "{6B5312CB-1685-4882-A5D8-1858C250A187}"
EndProject
Project("{9A19103F-16F7-4668-BE54-9A1E7A4F7556}") = "ISEECENTERAPI.DataAccess", "ISEECENTERAPI.DataAccess\ISEECENTERAPI.DataAccess.csproj", "{44828A51-C4F3-4014-B100-12FCAF11833F}"
EndProject
Project("{9A19103F-16F7-4668-BE54-9A1E7A4F7556}") = "ISEECENTERAPI.DataContract", "ISEECENTERAPI.DataContract\ISEECENTERAPI.DataContract.csproj", "{C1892659-80DE-42E5-90A0-30E1C63FA195}"
EndProject
Project("{9A19103F-16F7-4668-BE54-9A1E7A4F7556}") = "ITUtility", "ITUtility\ITUtility.csproj", "{FF996D58-A30A-45AE-884F-CB8993B2BBD2}"
EndProject
Project("{9A19103F-16F7-4668-BE54-9A1E7A4F7556}") = "DataAccessUtility", "DataAccessUtility\DataAccessUtility.csproj", "{B67883AC-1CA5-4E78-91FA-53485FBCF2E8}"
EndProject
Global
	GlobalSection(SolutionConfigurationPlatforms) = preSolution
		Debug|Any CPU = Debug|Any CPU
		Release|Any CPU = Release|Any CPU
	EndGlobalSection
	GlobalSection(ProjectConfigurationPlatforms) = postSolution
		{6E3982C7-1560-4EC2-A185-53EA102D4CB6}.Debug|Any CPU.ActiveCfg = Debug|Any CPU
		{6E3982C7-1560-4EC2-A185-53EA102D4CB6}.Debug|Any CPU.Build.0 = Debug|Any CPU
		{6E3982C7-1560-4EC2-A185-53EA102D4CB6}.Release|Any CPU.ActiveCfg = Release|Any CPU
		{6E3982C7-1560-4EC2-A185-53EA102D4CB6}.Release|Any CPU.Build.0 = Release|Any CPU
		{6B5312CB-1685-4882-A5D8-1858C250A187}.Debug|Any CPU.ActiveCfg = Debug|Any CPU
		{6B5312CB-1685-4882-A5D8-1858C250A187}.Debug|Any CPU.Build.0 = Debug|Any CPU
		{6B5312CB-1685-4882-A5D8-1858C250A187}.Release|Any CPU.ActiveCfg = Release|Any CPU
		{6B5312CB-1685-4882-A5D8-1858C250A187}.Release|Any CPU.Build.0 = Release|Any CPU
		{44828A51-C4F3-4014-B100-12FCAF11833F}.Debug|Any CPU.ActiveCfg = Debug|Any CPU
		{44828A51-C4F3-4014-B100-12FCAF11833F}.Debug|Any CPU.Build.0 = Debug|Any CPU
		{44828A51-C4F3-4014-B100-12FCAF11833F}.Release|Any CPU.ActiveCfg = Release|Any CPU
		{44828A51-C4F3-4014-B100-12FCAF11833F}.Release|Any CPU.Build.0 = Release|Any CPU
		{C1892659-80DE-42E5-90A0-30E1C63FA195}.Debug|Any CPU.ActiveCfg = Debug|Any CPU
		{C1892659-80DE-42E5-90A0-30E1C63FA195}.Debug|Any CPU.Build.0 = Debug|Any CPU
		{C1892659-80DE-42E5-90A0-30E1C63FA195}.Release|Any CPU.ActiveCfg = Release|Any CPU
		{C1892659-80DE-42E5-90A0-30E1C63FA195}.Release|Any CPU.Build.0 = Release|Any CPU
		{FF996D58-A30A-45AE-884F-CB8993B2BBD2}.Debug|Any CPU.ActiveCfg = Debug|Any CPU
		{FF996D58-A30A-45AE-884F-CB8993B2BBD2}.Debug|Any CPU.Build.0 = Debug|Any CPU
		{FF996D58-A30A-45AE-884F-CB8993B2BBD2}.Release|Any CPU.ActiveCfg = Release|Any CPU
		{FF996D58-A30A-45AE-884F-CB8993B2BBD2}.Release|Any CPU.Build.0 = Release|Any CPU
		{B67883AC-1CA5-4E78-91FA-53485FBCF2E8}.Debug|Any CPU.ActiveCfg = Debug|Any CPU
		{B67883AC-1CA5-4E78-91FA-53485FBCF2E8}.Debug|Any CPU.Build.0 = Debug|Any CPU
		{B67883AC-1CA5-4E78-91FA-53485FBCF2E8}.Release|Any CPU.ActiveCfg = Release|Any CPU
		{B67883AC-1CA5-4E78-91FA-53485FBCF2E8}.Release|Any CPU.Build.0 = Release|Any CPU
	EndGlobalSection
	GlobalSection(SolutionProperties) = preSolution
		HideSolutionNode = FALSE
	EndGlobalSection
	GlobalSection(ExtensibilityGlobals) = postSolution
		SolutionGuid = {A6AEE898-DBC9-4D73-AC17-9C252359D1ED}
	EndGlobalSection
EndGlobal
